
Microsoft Visual Studio Solution File, Format Version 12.00
# Visual Studio Version 17
VisualStudioVersion = 17.7.34221.43
MinimumVisualStudioVersion = 10.0.40219.1
Project("{FAE04EC0-301F-11D3-BF4B-00C04F79EFBC}") = "WINE", "WINE\WINE.csproj", "{982AAF03-EFA8-4DAF-BEDE-824D51E99339}"
EndProject
Project("{FAE04EC0-301F-11D3-BF4B-00C04F79EFBC}") = "WINE.WinApp", "WINE.WinApp\WINE.WinApp.csproj", "{0F1D5F51-52F9-450A-B6A5-305749612AA1}"
EndProject
Project("{FAE04EC0-301F-11D3-BF4B-00C04F79EFBC}") = "Wine.Core", "Wine.Core\Wine.Core.csproj", "{BDC4F979-16B6-48E5-8A61-7BCB03A67AAB}"
EndProject
Global
	GlobalSection(SolutionConfigurationPlatforms) = preSolution
		Debug|Any CPU = Debug|Any CPU
		Release|Any CPU = Release|Any CPU
	EndGlobalSection
	GlobalSection(ProjectConfigurationPlatforms) = postSolution
		{982AAF03-EFA8-4DAF-BEDE-824D51E99339}.Debug|Any CPU.ActiveCfg = Debug|Any CPU
		{982AAF03-EFA8-4DAF-BEDE-824D51E99339}.Debug|Any CPU.Build.0 = Debug|Any CPU
		{982AAF03-EFA8-4DAF-BEDE-824D51E99339}.Release|Any CPU.ActiveCfg = Release|Any CPU
		{982AAF03-EFA8-4DAF-BEDE-824D51E99339}.Release|Any CPU.Build.0 = Release|Any CPU
		{0F1D5F51-52F9-450A-B6A5-305749612AA1}.Debug|Any CPU.ActiveCfg = Debug|Any CPU
		{0F1D5F51-52F9-450A-B6A5-305749612AA1}.Debug|Any CPU.Build.0 = Debug|Any CPU
		{0F1D5F51-52F9-450A-B6A5-305749612AA1}.Release|Any CPU.ActiveCfg = Release|Any CPU
		{0F1D5F51-52F9-450A-B6A5-305749612AA1}.Release|Any CPU.Build.0 = Release|Any CPU
		{BDC4F979-16B6-48E5-8A61-7BCB03A67AAB}.Debug|Any CPU.ActiveCfg = Debug|Any CPU
		{BDC4F979-16B6-48E5-8A61-7BCB03A67AAB}.Debug|Any CPU.Build.0 = Debug|Any CPU
		{BDC4F979-16B6-48E5-8A61-7BCB03A67AAB}.Release|Any CPU.ActiveCfg = Release|Any CPU
		{BDC4F979-16B6-48E5-8A61-7BCB03A67AAB}.Release|Any CPU.Build.0 = Release|Any CPU
	EndGlobalSection
	GlobalSection(SolutionProperties) = preSolution
		HideSolutionNode = FALSE
	EndGlobalSection
	GlobalSection(ExtensibilityGlobals) = postSolution
		SolutionGuid = {60B58933-23E7-498C-85D7-551EB200D952}
	EndGlobalSection
EndGlobal
